
Microsoft Visual Studio Solution File, Format Version 12.00
# Visual Studio Version 17
VisualStudioVersion = 17.14.36221.1 d17.14
MinimumVisualStudioVersion = 10.0.40219.1
Project("{FAE04EC0-301F-11D3-BF4B-00C04F79EFBC}") = "StarCasa", "StarCasa\StarCasa.csproj", "{E9DD8984-1655-416F-8553-9DD4610B149F}"
EndProject
Global
	GlobalSection(SolutionConfigurationPlatforms) = preSolution
		Debug|Any CPU = Debug|Any CPU
		Release|Any CPU = Release|Any CPU
	EndGlobalSection
	GlobalSection(ProjectConfigurationPlatforms) = postSolution
		{E9DD8984-1655-416F-8553-9DD4610B149F}.Debug|Any CPU.ActiveCfg = Debug|Any CPU
		{E9DD8984-1655-416F-8553-9DD4610B149F}.Debug|Any CPU.Build.0 = Debug|Any CPU
		{E9DD8984-1655-416F-8553-9DD4610B149F}.Release|Any CPU.ActiveCfg = Release|Any CPU
		{E9DD8984-1655-416F-8553-9DD4610B149F}.Release|Any CPU.Build.0 = Release|Any CPU
	EndGlobalSection
	GlobalSection(SolutionProperties) = preSolution
		HideSolutionNode = FALSE
	EndGlobalSection
	GlobalSection(ExtensibilityGlobals) = postSolution
		SolutionGuid = {B5FDC17F-8950-4B3F-B085-2AC746EA4208}
	EndGlobalSection
EndGlobal
